
Microsoft Visual Studio Solution File, Format Version 12.00
# Visual Studio Version 17
VisualStudioVersion = 17.13.35825.156 d17.13
MinimumVisualStudioVersion = 10.0.40219.1
Project("{FAE04EC0-301F-11D3-BF4B-00C04F79EFBC}") = "P2 Marcus 2°ano", "P2 Marcus 2°ano\P2 Marcus 2°ano.csproj", "{DCFF942B-AE54-40FF-A1F0-152FF478AF75}"
EndProject
Global
	GlobalSection(SolutionConfigurationPlatforms) = preSolution
		Debug|Any CPU = Debug|Any CPU
		Release|Any CPU = Release|Any CPU
	EndGlobalSection
	GlobalSection(ProjectConfigurationPlatforms) = postSolution
		{DCFF942B-AE54-40FF-A1F0-152FF478AF75}.Debug|Any CPU.ActiveCfg = Debug|Any CPU
		{DCFF942B-AE54-40FF-A1F0-152FF478AF75}.Debug|Any CPU.Build.0 = Debug|Any CPU
		{DCFF942B-AE54-40FF-A1F0-152FF478AF75}.Release|Any CPU.ActiveCfg = Release|Any CPU
		{DCFF942B-AE54-40FF-A1F0-152FF478AF75}.Release|Any CPU.Build.0 = Release|Any CPU
	EndGlobalSection
	GlobalSection(SolutionProperties) = preSolution
		HideSolutionNode = FALSE
	EndGlobalSection
	GlobalSection(ExtensibilityGlobals) = postSolution
		SolutionGuid = {3BB8C0EA-63E9-4018-BA16-049C816B02FF}
	EndGlobalSection
EndGlobal
